
Microsoft Visual Studio Solution File, Format Version 12.00
# Visual Studio 15
Project("{FAE04EC0-301F-11D3-BF4B-00C04F79EFBC}") = "Assembly-CSharp", "Assembly-CSharp.csproj", "{0CA47C88-212E-C838-9D3A-DE6551880AE6}"
EndProject
Project("{FAE04EC0-301F-11D3-BF4B-00C04F79EFBC}") = "NavMeshComponents", "NavMeshComponents.csproj", "{FC3316B9-DA29-A6DD-4845-60D31D313B5B}"
EndProject
Project("{FAE04EC0-301F-11D3-BF4B-00C04F79EFBC}") = "NavMeshComponentsEditor", "NavMeshComponentsEditor.csproj", "{29533BC7-9116-7B4B-5814-2915F4834552}"
EndProject
Global
	GlobalSection(SolutionConfigurationPlatforms) = preSolution
		Debug|Any CPU = Debug|Any CPU
		Release|Any CPU = Release|Any CPU
	EndGlobalSection
	GlobalSection(ProjectConfigurationPlatforms) = postSolution
		{0CA47C88-212E-C838-9D3A-DE6551880AE6}.Debug|Any CPU.ActiveCfg = Debug|Any CPU
		{0CA47C88-212E-C838-9D3A-DE6551880AE6}.Debug|Any CPU.Build.0 = Debug|Any CPU
		{0CA47C88-212E-C838-9D3A-DE6551880AE6}.Release|Any CPU.ActiveCfg = Release|Any CPU
		{0CA47C88-212E-C838-9D3A-DE6551880AE6}.Release|Any CPU.Build.0 = Release|Any CPU
		{FC3316B9-DA29-A6DD-4845-60D31D313B5B}.Debug|Any CPU.ActiveCfg = Debug|Any CPU
		{FC3316B9-DA29-A6DD-4845-60D31D313B5B}.Debug|Any CPU.Build.0 = Debug|Any CPU
		{FC3316B9-DA29-A6DD-4845-60D31D313B5B}.Release|Any CPU.ActiveCfg = Release|Any CPU
		{FC3316B9-DA29-A6DD-4845-60D31D313B5B}.Release|Any CPU.Build.0 = Release|Any CPU
		{29533BC7-9116-7B4B-5814-2915F4834552}.Debug|Any CPU.ActiveCfg = Debug|Any CPU
		{29533BC7-9116-7B4B-5814-2915F4834552}.Debug|Any CPU.Build.0 = Debug|Any CPU
		{29533BC7-9116-7B4B-5814-2915F4834552}.Release|Any CPU.ActiveCfg = Release|Any CPU
		{29533BC7-9116-7B4B-5814-2915F4834552}.Release|Any CPU.Build.0 = Release|Any CPU
	EndGlobalSection
	GlobalSection(SolutionProperties) = preSolution
		HideSolutionNode = FALSE
	EndGlobalSection
EndGlobal
